
Microsoft Visual Studio Solution File, Format Version 12.00
# Visual Studio Version 17
VisualStudioVersion = 17.5.002.0
MinimumVisualStudioVersion = 10.0.40219.1
Project("{9A19103F-16F7-4668-BE54-9A1E7A4F7556}") = "MvcApiCall", "MvcApiCall\MvcApiCall.csproj", "{CEA609CE-BEC5-44E3-ADD5-8287C87E5CE4}"
EndProject
Global
	GlobalSection(SolutionConfigurationPlatforms) = preSolution
		Debug|Any CPU = Debug|Any CPU
		Release|Any CPU = Release|Any CPU
	EndGlobalSection
	GlobalSection(ProjectConfigurationPlatforms) = postSolution
		{CEA609CE-BEC5-44E3-ADD5-8287C87E5CE4}.Debug|Any CPU.ActiveCfg = Debug|Any CPU
		{CEA609CE-BEC5-44E3-ADD5-8287C87E5CE4}.Debug|Any CPU.Build.0 = Debug|Any CPU
		{CEA609CE-BEC5-44E3-ADD5-8287C87E5CE4}.Release|Any CPU.ActiveCfg = Release|Any CPU
		{CEA609CE-BEC5-44E3-ADD5-8287C87E5CE4}.Release|Any CPU.Build.0 = Release|Any CPU
	EndGlobalSection
	GlobalSection(SolutionProperties) = preSolution
		HideSolutionNode = FALSE
	EndGlobalSection
	GlobalSection(ExtensibilityGlobals) = postSolution
		SolutionGuid = {DB7E12CA-6D52-432E-81A7-03996B00362A}
	EndGlobalSection
EndGlobal
